// !$*UTF8*$!
{
	archiveVersion = 1;
	classes = {
	};
	objectVersion = 46;
	objects = {

/* Begin PBXBuildFile section */
		D7AF7EF8159BC5B5007D783F /* UIKit.framework in Frameworks */ = {isa = PBXBuildFile; fileRef = D7AF7EF7159BC5B5007D783F /* UIKit.framework */; };
		D7AF7EFA159BC5B5007D783F /* Foundation.framework in Frameworks */ = {isa = PBXBuildFile; fileRef = D7AF7EF9159BC5B5007D783F /* Foundation.framework */; };
		D7AF7EFC159BC5B5007D783F /* CoreGraphics.framework in Frameworks */ = {isa = PBXBuildFile; fileRef = D7AF7EFB159BC5B5007D783F /* CoreGraphics.framework */; };
		D7AF7F02159BC5B5007D783F /* InfoPlist.strings in Resources */ = {isa = PBXBuildFile; fileRef = D7AF7F00159BC5B5007D783F /* InfoPlist.strings */; };
		D7AF7F04159BC5B5007D783F /* main.m in Sources */ = {isa = PBXBuildFile; fileRef = D7AF7F03159BC5B5007D783F /* main.m */; };
		D7AF7F08159BC5B5007D783F /* gitHubTestAppDelegate.m in Sources */ = {isa = PBXBuildFile; fileRef = D7AF7F07159BC5B5007D783F /* gitHubTestAppDelegate.m */; };
		D7AF7F0B159BC5B5007D783F /* MainStoryboard.storyboard in Resources */ = {isa = PBXBuildFile; fileRef = D7AF7F09159BC5B5007D783F /* MainStoryboard.storyboard */; };
		D7AF7F0E159BC5B5007D783F /* gitHubTestViewController.m in Sources */ = {isa = PBXBuildFile; fileRef = D7AF7F0D159BC5B5007D783F /* gitHubTestViewController.m */; };
/* End PBXBuildFile section */

/* Begin PBXFileReference section */
		D7AF7EF3159BC5B5007D783F /* gitHubTest.app */ = {isa = PBXFileReference; explicitFileType = wrapper.application; includeInIndex = 0; path = gitHubTest.app; sourceTree = BUILT_PRODUCTS_DIR; };
		D7AF7EF7159BC5B5007D783F /* UIKit.framework */ = {isa = PBXFileReference; lastKnownFileType = wrapper.framework; name = UIKit.framework; path = System/Library/Frameworks/UIKit.framework; sourceTree = SDKROOT; };
		D7AF7EF9159BC5B5007D783F /* Foundation.framework */ = {isa = PBXFileReference; lastKnownFileType = wrapper.framework; name = Foundation.framework; path = System/Library/Frameworks/Foundation.framework; sourceTree = SDKROOT; };
		D7AF7EFB159BC5B5007D783F /* CoreGraphics.framework */ = {isa = PBXFileReference; lastKnownFileType = wrapper.framework; name = CoreGraphics.framework; path = System/Library/Frameworks/CoreGraphics.framework; sourceTree = SDKROOT; };
		D7AF7EFF159BC5B5007D783F /* gitHubTest-Info.plist */ = {isa = PBXFileReference; lastKnownFileType = text.plist.xml; path = "gitHubTest-Info.plist"; sourceTree = "<group>"; };
		D7AF7F01159BC5B5007D783F /* en */ = {isa = PBXFileReference; lastKnownFileType = text.plist.strings; name = en; path = en.lproj/InfoPlist.strings; sourceTree = "<group>"; };
		D7AF7F03159BC5B5007D783F /* main.m */ = {isa = PBXFileReference; lastKnownFileType = sourcecode.c.objc; path = main.m; sourceTree = "<group>"; };
		D7AF7F05159BC5B5007D783F /* gitHubTest-Prefix.pch */ = {isa = PBXFileReference; lastKnownFileType = sourcecode.c.h; path = "gitHubTest-Prefix.pch"; sourceTree = "<group>"; };
		D7AF7F06159BC5B5007D783F /* gitHubTestAppDelegate.h */ = {isa = PBXFileReference; lastKnownFileType = sourcecode.c.h; path = gitHubTestAppDelegate.h; sourceTree = "<group>"; };
		D7AF7F07159BC5B5007D783F /* gitHubTestAppDelegate.m */ = {isa = PBXFileReference; lastKnownFileType = sourcecode.c.objc; path = gitHubTestAppDelegate.m; sourceTree = "<group>"; };
		D7AF7F0A159BC5B5007D783F /* en */ = {isa = PBXFileReference; lastKnownFileType = file.storyboard; name = en; path = en.lproj/MainStoryboard.storyboard; sourceTree = "<group>"; };
		D7AF7F0C159BC5B5007D783F /* gitHubTestViewController.h */ = {isa = PBXFileReference; lastKnownFileType = sourcecode.c.h; path = gitHubTestViewController.h; sourceTree = "<group>"; };
		D7AF7F0D159BC5B5007D783F /* gitHubTestViewController.m */ = {isa = PBXFileReference; lastKnownFileType = sourcecode.c.objc; path = gitHubTestViewController.m; sourceTree = "<group>"; };
/* End PBXFileReference section */

/* Begin PBXFrameworksBuildPhase section */
		D7AF7EF0159BC5B5007D783F /* Frameworks */ = {
			isa = PBXFrameworksBuildPhase;
			buildActionMask = 2147483647;
			files = (
				D7AF7EF8159BC5B5007D783F /* UIKit.framework in Frameworks */,
				D7AF7EFA159BC5B5007D783F /* Foundation.framework in Frameworks */,
				D7AF7EFC159BC5B5007D783F /* CoreGraphics.framework in Frameworks */,
			);
			runOnlyForDeploymentPostprocessing = 0;
		};
/* End PBXFrameworksBuildPhase section */

/* Begin PBXGroup section */
		D7AF7EE8159BC5B5007D783F = {
			isa = PBXGroup;
			children = (
				D7AF7EFD159BC5B5007D783F /* gitHubTest */,
				D7AF7EF6159BC5B5007D783F /* Frameworks */,
				D7AF7EF4159BC5B5007D783F /* Products */,
			);
			sourceTree = "<group>";
		};
		D7AF7EF4159BC5B5007D783F /* Products */ = {
			isa = PBXGroup;
			children = (
				D7AF7EF3159BC5B5007D783F /* gitHubTest.app */,
			);
			name = Products;
			sourceTree = "<group>";
		};
		D7AF7EF6159BC5B5007D783F /* Frameworks */ = {
			isa = PBXGroup;
			children = (
				D7AF7EF7159BC5B5007D783F /* UIKit.framework */,
				D7AF7EF9159BC5B5007D783F /* Foundation.framework */,
				D7AF7EFB159BC5B5007D783F /* CoreGraphics.framework */,
			);
			name = Frameworks;
			sourceTree = "<group>";
		};
		D7AF7EFD159BC5B5007D783F /* gitHubTest */ = {
			isa = PBXGroup;
			children = (
				D7AF7F06159BC5B5007D783F /* gitHubTestAppDelegate.h */,
				D7AF7F07159BC5B5007D783F /* gitHubTestAppDelegate.m */,
				D7AF7F09159BC5B5007D783F /* MainStoryboard.storyboard */,
				D7AF7F0C159BC5B5007D783F /* gitHubTestViewController.h */,
				D7AF7F0D159BC5B5007D783F /* gitHubTestViewController.m */,
				D7AF7EFE159BC5B5007D783F /* Supporting Files */,
			);
			path = gitHubTest;
			sourceTree = "<group>";
		};
		D7AF7EFE159BC5B5007D783F /* Supporting Files */ = {
			isa = PBXGroup;
			children = (
				D7AF7EFF159BC5B5007D783F /* gitHubTest-Info.plist */,
				D7AF7F00159BC5B5007D783F /* InfoPlist.strings */,
				D7AF7F03159BC5B5007D783F /* main.m */,
				D7AF7F05159BC5B5007D783F /* gitHubTest-Prefix.pch */,
			);
			name = "Supporting Files";
			sourceTree = "<group>";
		};
/* End PBXGroup section */

/* Begin PBXNativeTarget section */
		D7AF7EF2159BC5B5007D783F /* gitHubTest */ = {
			isa = PBXNativeTarget;
			buildConfigurationList = D7AF7F11159BC5B5007D783F /* Build configuration list for PBXNativeTarget "gitHubTest" */;
			buildPhases = (
				D7AF7EEF159BC5B5007D783F /* Sources */,
				D7AF7EF0159BC5B5007D783F /* Frameworks */,
				D7AF7EF1159BC5B5007D783F /* Resources */,
			);
			buildRules = (
			);
			dependencies = (
			);
			name = gitHubTest;
			productName = gitHubTest;
			productReference = D7AF7EF3159BC5B5007D783F /* gitHubTest.app */;
			productType = "com.apple.product-type.application";
		};
/* End PBXNativeTarget section */

/* Begin PBXProject section */
		D7AF7EEA159BC5B5007D783F /* Project object */ = {
			isa = PBXProject;
			attributes = {
				LastUpgradeCheck = 0420;
			};
			buildConfigurationList = D7AF7EED159BC5B5007D783F /* Build configuration list for PBXProject "gitHubTest" */;
			compatibilityVersion = "Xcode 3.2";
			developmentRegion = English;
			hasScannedForEncodings = 0;
			knownRegions = (
				en,
			);
			mainGroup = D7AF7EE8159BC5B5007D783F;
			productRefGroup = D7AF7EF4159BC5B5007D783F /* Products */;
			projectDirPath = "";
			projectRoot = "";
			targets = (
				D7AF7EF2159BC5B5007D783F /* gitHubTest */,
			);
		};
/* End PBXProject section */

/* Begin PBXResourcesBuildPhase section */
		D7AF7EF1159BC5B5007D783F /* Resources */ = {
			isa = PBXResourcesBuildPhase;
			buildActionMask = 2147483647;
			files = (
				D7AF7F02159BC5B5007D783F /* InfoPlist.strings in Resources */,
				D7AF7F0B159BC5B5007D783F /* MainStoryboard.storyboard in Resources */,
			);
			runOnlyForDeploymentPostprocessing = 0;
		};
/* End PBXResourcesBuildPhase section */

/* Begin PBXSourcesBuildPhase section */
		D7AF7EEF159BC5B5007D783F /* Sources */ = {
			isa = PBXSourcesBuildPhase;
			buildActionMask = 2147483647;
			files = (
				D7AF7F04159BC5B5007D783F /* main.m in Sources */,
				D7AF7F08159BC5B5007D783F /* gitHubTestAppDelegate.m in Sources */,
				D7AF7F0E159BC5B5007D783F /* gitHubTestViewController.m in Sources */,
			);
			runOnlyForDeploymentPostprocessing = 0;
		};
/* End PBXSourcesBuildPhase section */

/* Begin PBXVariantGroup section */
		D7AF7F00159BC5B5007D783F /* InfoPlist.strings */ = {
			isa = PBXVariantGroup;
			children = (
				D7AF7F01159BC5B5007D783F /* en */,
			);
			name = InfoPlist.strings;
			sourceTree = "<group>";
		};
		D7AF7F09159BC5B5007D783F /* MainStoryboard.storyboard */ = {
			isa = PBXVariantGroup;
			children = (
				D7AF7F0A159BC5B5007D783F /* en */,
			);
			name = MainStoryboard.storyboard;
			sourceTree = "<group>";
		};
/* End PBXVariantGroup section */

/* Begin XCBuildConfiguration section */
		D7AF7F0F159BC5B5007D783F /* Debug */ = {
			isa = XCBuildConfiguration;
			buildSettings = {
				ALWAYS_SEARCH_USER_PATHS = NO;
				ARCHS = "$(ARCHS_STANDARD_32_BIT)";
				CLANG_ENABLE_OBJC_ARC = YES;
				"CODE_SIGN_IDENTITY[sdk=iphoneos*]" = "iPhone Developer";
				COPY_PHASE_STRIP = NO;
				GCC_C_LANGUAGE_STANDARD = gnu99;
				GCC_DYNAMIC_NO_PIC = NO;
				GCC_OPTIMIZATION_LEVEL = 0;
				GCC_PREPROCESSOR_DEFINITIONS = (
					"DEBUG=1",
					"$(inherited)",
				);
				GCC_SYMBOLS_PRIVATE_EXTERN = NO;
				GCC_VERSION = com.apple.compilers.llvm.clang.1_0;
				GCC_WARN_ABOUT_MISSING_PROTOTYPES = YES;
				GCC_WARN_ABOUT_RETURN_TYPE = YES;
				GCC_WARN_UNUSED_VARIABLE = YES;
				IPHONEOS_DEPLOYMENT_TARGET = 5.0;
				SDKROOT = iphoneos;
			};
			name = Debug;
		};
		D7AF7F10159BC5B5007D783F /* Release */ = {
			isa = XCBuildConfiguration;
			buildSettings = {
				ALWAYS_SEARCH_USER_PATHS = NO;
				ARCHS = "$(ARCHS_STANDARD_32_BIT)";
				CLANG_ENABLE_OBJC_ARC = YES;
				"CODE_SIGN_IDENTITY[sdk=iphoneos*]" = "iPhone Developer";
				COPY_PHASE_STRIP = YES;
				GCC_C_LANGUAGE_STANDARD = gnu99;
				GCC_VERSION = com.apple.compilers.llvm.clang.1_0;
				GCC_WARN_ABOUT_MISSING_PROTOTYPES = YES;
				GCC_WARN_ABOUT_RETURN_TYPE = YES;
				GCC_WARN_UNUSED_VARIABLE = YES;
				IPHONEOS_DEPLOYMENT_TARGET = 5.0;
				OTHER_CFLAGS = "-DNS_BLOCK_ASSERTIONS=1";
				SDKROOT = iphoneos;
				VALIDATE_PRODUCT = YES;
			};
			name = Release;
		};
		D7AF7F12159BC5B5007D783F /* Debug */ = {
			isa = XCBuildConfiguration;
			buildSettings = {
				GCC_PRECOMPILE_PREFIX_HEADER = YES;
				GCC_PREFIX_HEADER = "gitHubTest/gitHubTest-Prefix.pch";
				INFOPLIST_FILE = "gitHubTest/gitHubTest-Info.plist";
				PRODUCT_NAME = "$(TARGET_NAME)";
				WRAPPER_EXTENSION = app;
			};
			name = Debug;
		};
		D7AF7F13159BC5B5007D783F /* Release */ = {
			isa = XCBuildConfiguration;
			buildSettings = {
				GCC_PRECOMPILE_PREFIX_HEADER = YES;
				GCC_PREFIX_HEADER = "gitHubTest/gitHubTest-Prefix.pch";
				INFOPLIST_FILE = "gitHubTest/gitHubTest-Info.plist";
				PRODUCT_NAME = "$(TARGET_NAME)";
				WRAPPER_EXTENSION = app;
			};
			name = Release;
		};
/* End XCBuildConfiguration section */

/* Begin XCConfigurationList section */
		D7AF7EED159BC5B5007D783F /* Build configuration list for PBXProject "gitHubTest" */ = {
			isa = XCConfigurationList;
			buildConfigurations = (
				D7AF7F0F159BC5B5007D783F /* Debug */,
				D7AF7F10159BC5B5007D783F /* Release */,
			);
			defaultConfigurationIsVisible = 0;
			defaultConfigurationName = Release;
		};
		D7AF7F11159BC5B5007D783F /* Build configuration list for PBXNativeTarget "gitHubTest" */ = {
			isa = XCConfigurationList;
			buildConfigurations = (
				D7AF7F12159BC5B5007D783F /* Debug */,
				D7AF7F13159BC5B5007D783F /* Release */,
			);
			defaultConfigurationIsVisible = 0;
		};
/* End XCConfigurationList section */
	};
	rootObject = D7AF7EEA159BC5B5007D783F /* Project object */;
}
